<<<<<<< HEAD
{
  "name": "Modhiw-Mobile-App",
  "lockfileVersion": 2,
  "requires": true,
  "packages": {}
}
=======
{
<<<<<<< HEAD
  "name": "Modhiw-Mobile-App",
=======
  "name": "Modhiw",
>>>>>>> 415576c3cf31cc3f6358be1413f217e06186046d
  "lockfileVersion": 2,
  "requires": true,
  "packages": {}
}
>>>>>>> 4b80099954fb20cdfd9f0f550095468931bc6723
